// !$*UTF8*$!
{
	archiveVersion = 1;
	classes = {
	};
	objectVersion = 77;
	objects = {

/* Begin PBXBuildFile section */
		D40289712DEBAA4F0062E25B /* Assets.xcassets in Resources */ = {isa = PBXBuildFile; fileRef = D40289682DEBAA4F0062E25B /* Assets.xcassets */; };
		D40289732DEBAA4F0062E25B /* LaunchScreen.storyboard in Resources */ = {isa = PBXBuildFile; fileRef = D402896B2DEBAA4F0062E25B /* LaunchScreen.storyboard */; };
		D40289742DEBAA4F0062E25B /* STVCTH_Main.storyboard in Resources */ = {isa = PBXBuildFile; fileRef = D402896D2DEBAA4F0062E25B /* STVCTH_Main.storyboard */; };
		D40289752DEBAA4F0062E25B /* STVCTH_AppDelegate.swift in Sources */ = {isa = PBXBuildFile; fileRef = D40289672DEBAA4F0062E25B /* STVCTH_AppDelegate.swift */; };
		D4071F1D2DEF76C100C996B0 /* STVCTH_LastNav_ViewController.swift in Sources */ = {isa = PBXBuildFile; fileRef = D4071F1C2DEF76C100C996B0 /* STVCTH_LastNav_ViewController.swift */; };
		D418ACC52DEF162400B0B643 /* STVCTH_ProgrammaticOnly_SwipeTab_ViewController.swift in Sources */ = {isa = PBXBuildFile; fileRef = D418ACC42DEF162400B0B643 /* STVCTH_ProgrammaticOnly_SwipeTab_ViewController.swift */; };
		D431969C2DF0932600A11057 /* STVCTH_AppDelegate.swift in Sources */ = {isa = PBXBuildFile; fileRef = D40289672DEBAA4F0062E25B /* STVCTH_AppDelegate.swift */; };
		D431969D2DF0932600A11057 /* STVCTH_StoryboardOnly_SwipeTab_ViewController.swift in Sources */ = {isa = PBXBuildFile; fileRef = D48A95342DECF64200D1BE52 /* STVCTH_StoryboardOnly_SwipeTab_ViewController.swift */; };
		D431969E2DF0932600A11057 /* STVCTH_Selection_ViewController.swift in Sources */ = {isa = PBXBuildFile; fileRef = D4DA5BCE2DEC73A0000FA9CC /* STVCTH_Selection_ViewController.swift */; };
		D431969F2DF0932600A11057 /* STVCTH_ProgrammaticOnly_SwipeTab_ViewController.swift in Sources */ = {isa = PBXBuildFile; fileRef = D418ACC42DEF162400B0B643 /* STVCTH_ProgrammaticOnly_SwipeTab_ViewController.swift */; };
		D43196A02DF0932600A11057 /* STVCTH_LastNav_ViewController.swift in Sources */ = {isa = PBXBuildFile; fileRef = D4071F1C2DEF76C100C996B0 /* STVCTH_LastNav_ViewController.swift */; };
		D43196A12DF0932600A11057 /* STVCTH_Hybrid_SwipeTab_ViewController.swift in Sources */ = {isa = PBXBuildFile; fileRef = D4537F832DEFA9F9006FBE0B /* STVCTH_Hybrid_SwipeTab_ViewController.swift */; };
		D43196A52DF0932600A11057 /* Assets.xcassets in Resources */ = {isa = PBXBuildFile; fileRef = D40289682DEBAA4F0062E25B /* Assets.xcassets */; };
		D43196A62DF0932600A11057 /* LaunchScreen.storyboard in Resources */ = {isa = PBXBuildFile; fileRef = D402896B2DEBAA4F0062E25B /* LaunchScreen.storyboard */; };
		D43196A72DF0932600A11057 /* STVCTH_Main.storyboard in Resources */ = {isa = PBXBuildFile; fileRef = D402896D2DEBAA4F0062E25B /* STVCTH_Main.storyboard */; };
		D43196BD2DF0967500A11057 /* LGV_SwipeTabViewController.swift in Sources */ = {isa = PBXBuildFile; fileRef = D4DF995E2DEBB1FD00DD325A /* LGV_SwipeTabViewController.swift */; };
		D43196C22DF096EE00A11057 /* libSwipeTabController.a in Frameworks */ = {isa = PBXBuildFile; fileRef = D43196B62DF0965F00A11057 /* libSwipeTabController.a */; };
		D43196CB2DF098FF00A11057 /* SwipeTabController in Frameworks */ = {isa = PBXBuildFile; productRef = D43196CA2DF098FF00A11057 /* SwipeTabController */; };
		D4537F842DEFA9F9006FBE0B /* STVCTH_Hybrid_SwipeTab_ViewController.swift in Sources */ = {isa = PBXBuildFile; fileRef = D4537F832DEFA9F9006FBE0B /* STVCTH_Hybrid_SwipeTab_ViewController.swift */; };
		D48A95352DECF64200D1BE52 /* STVCTH_StoryboardOnly_SwipeTab_ViewController.swift in Sources */ = {isa = PBXBuildFile; fileRef = D48A95342DECF64200D1BE52 /* STVCTH_StoryboardOnly_SwipeTab_ViewController.swift */; };
		D4C259912DF300820055D19A /* STVCTH_ClassicTabBarController.swift in Sources */ = {isa = PBXBuildFile; fileRef = D4C259902DF300820055D19A /* STVCTH_ClassicTabBarController.swift */; };
		D4C259922DF300820055D19A /* STVCTH_ClassicTabBarController.swift in Sources */ = {isa = PBXBuildFile; fileRef = D4C259902DF300820055D19A /* STVCTH_ClassicTabBarController.swift */; };
		D4DA5BCF2DEC73A0000FA9CC /* STVCTH_Selection_ViewController.swift in Sources */ = {isa = PBXBuildFile; fileRef = D4DA5BCE2DEC73A0000FA9CC /* STVCTH_Selection_ViewController.swift */; };
/* End PBXBuildFile section */

/* Begin PBXContainerItemProxy section */
		D43196C32DF096EE00A11057 /* PBXContainerItemProxy */ = {
			isa = PBXContainerItemProxy;
			containerPortal = D43F598F2DEA451200AD7106 /* Project object */;
			proxyType = 1;
			remoteGlobalIDString = D43196B52DF0965F00A11057;
			remoteInfo = SwipeTabController;
		};
/* End PBXContainerItemProxy section */

/* Begin PBXCopyFilesBuildPhase section */
		D43196B42DF0965F00A11057 /* CopyFiles */ = {
			isa = PBXCopyFilesBuildPhase;
			buildActionMask = 2147483647;
			dstPath = "include/$(PRODUCT_NAME)";
			dstSubfolderSpec = 16;
			files = (
			);
			runOnlyForDeploymentPostprocessing = 0;
		};
/* End PBXCopyFilesBuildPhase section */

/* Begin PBXFileReference section */
		D40289512DEBAA390062E25B /* SwipeTabControllerTestHarness.app */ = {isa = PBXFileReference; explicitFileType = wrapper.application; includeInIndex = 0; path = SwipeTabControllerTestHarness.app; sourceTree = BUILT_PRODUCTS_DIR; };
		D40289672DEBAA4F0062E25B /* STVCTH_AppDelegate.swift */ = {isa = PBXFileReference; lastKnownFileType = sourcecode.swift; path = STVCTH_AppDelegate.swift; sourceTree = "<group>"; };
		D40289682DEBAA4F0062E25B /* Assets.xcassets */ = {isa = PBXFileReference; lastKnownFileType = folder.assetcatalog; path = Assets.xcassets; sourceTree = "<group>"; };
		D402896A2DEBAA4F0062E25B /* Base */ = {isa = PBXFileReference; lastKnownFileType = file.storyboard; name = Base; path = Base.lproj/LaunchScreen.storyboard; sourceTree = "<group>"; };
		D402896C2DEBAA4F0062E25B /* Base */ = {isa = PBXFileReference; lastKnownFileType = file.storyboard; name = Base; path = Base.lproj/STVCTH_Main.storyboard; sourceTree = "<group>"; };
		D4071F1C2DEF76C100C996B0 /* STVCTH_LastNav_ViewController.swift */ = {isa = PBXFileReference; lastKnownFileType = sourcecode.swift; path = STVCTH_LastNav_ViewController.swift; sourceTree = "<group>"; };
		D418ACC42DEF162400B0B643 /* STVCTH_ProgrammaticOnly_SwipeTab_ViewController.swift */ = {isa = PBXFileReference; lastKnownFileType = sourcecode.swift; path = STVCTH_ProgrammaticOnly_SwipeTab_ViewController.swift; sourceTree = "<group>"; };
		D43196AD2DF0932600A11057 /* SwipeTabControllerTestHarness-SPM.app */ = {isa = PBXFileReference; explicitFileType = wrapper.application; includeInIndex = 0; path = "SwipeTabControllerTestHarness-SPM.app"; sourceTree = BUILT_PRODUCTS_DIR; };
		D43196B62DF0965F00A11057 /* libSwipeTabController.a */ = {isa = PBXFileReference; explicitFileType = archive.ar; includeInIndex = 0; path = libSwipeTabController.a; sourceTree = BUILT_PRODUCTS_DIR; };
		D43196C82DF0985F00A11057 /* Info.plist */ = {isa = PBXFileReference; lastKnownFileType = text.plist.xml; path = Info.plist; sourceTree = "<group>"; };
		D43F59AA2DEA47FA00AD7106 /* Warnings.xcconfig */ = {isa = PBXFileReference; lastKnownFileType = text.xcconfig; path = Warnings.xcconfig; sourceTree = "<group>"; };
		D4537F832DEFA9F9006FBE0B /* STVCTH_Hybrid_SwipeTab_ViewController.swift */ = {isa = PBXFileReference; lastKnownFileType = sourcecode.swift; path = STVCTH_Hybrid_SwipeTab_ViewController.swift; sourceTree = "<group>"; };
		D48A95342DECF64200D1BE52 /* STVCTH_StoryboardOnly_SwipeTab_ViewController.swift */ = {isa = PBXFileReference; lastKnownFileType = sourcecode.swift; path = STVCTH_StoryboardOnly_SwipeTab_ViewController.swift; sourceTree = "<group>"; };
		D49B640C2DF09B8D0052D720 /* SPM-Info.plist */ = {isa = PBXFileReference; lastKnownFileType = text.plist.xml; path = "SPM-Info.plist"; sourceTree = "<group>"; };
		D4C259902DF300820055D19A /* STVCTH_ClassicTabBarController.swift */ = {isa = PBXFileReference; lastKnownFileType = sourcecode.swift; path = STVCTH_ClassicTabBarController.swift; sourceTree = "<group>"; };
		D4DA5BCE2DEC73A0000FA9CC /* STVCTH_Selection_ViewController.swift */ = {isa = PBXFileReference; lastKnownFileType = sourcecode.swift; path = STVCTH_Selection_ViewController.swift; sourceTree = "<group>"; };
		D4DF995E2DEBB1FD00DD325A /* LGV_SwipeTabViewController.swift */ = {isa = PBXFileReference; lastKnownFileType = sourcecode.swift; path = LGV_SwipeTabViewController.swift; sourceTree = "<group>"; };
		D4DF995F2DEBB1FD00DD325A /* SwipeTabController.docc */ = {isa = PBXFileReference; lastKnownFileType = folder.documentationcatalog; path = SwipeTabController.docc; sourceTree = "<group>"; };
/* End PBXFileReference section */

/* Begin PBXFrameworksBuildPhase section */
		D402894E2DEBAA390062E25B /* Frameworks */ = {
			isa = PBXFrameworksBuildPhase;
			buildActionMask = 2147483647;
			files = (
				D43196C22DF096EE00A11057 /* libSwipeTabController.a in Frameworks */,
			);
			runOnlyForDeploymentPostprocessing = 0;
		};
		D43196A22DF0932600A11057 /* Frameworks */ = {
			isa = PBXFrameworksBuildPhase;
			buildActionMask = 2147483647;
			files = (
				D43196CB2DF098FF00A11057 /* SwipeTabController in Frameworks */,
			);
			runOnlyForDeploymentPostprocessing = 0;
		};
		D43196B32DF0965F00A11057 /* Frameworks */ = {
			isa = PBXFrameworksBuildPhase;
			buildActionMask = 2147483647;
			files = (
			);
			runOnlyForDeploymentPostprocessing = 0;
		};
/* End PBXFrameworksBuildPhase section */

/* Begin PBXGroup section */
		D40289662DEBAA470062E25B /* Tests */ = {
			isa = PBXGroup;
			children = (
				D40289702DEBAA4F0062E25B /* SwipeTabControllerTestHarness */,
			);
			path = Tests;
			sourceTree = "<group>";
		};
		D40289702DEBAA4F0062E25B /* SwipeTabControllerTestHarness */ = {
			isa = PBXGroup;
			children = (
				D40289672DEBAA4F0062E25B /* STVCTH_AppDelegate.swift */,
				D4DA5BCE2DEC73A0000FA9CC /* STVCTH_Selection_ViewController.swift */,
				D4C259902DF300820055D19A /* STVCTH_ClassicTabBarController.swift */,
				D48A95342DECF64200D1BE52 /* STVCTH_StoryboardOnly_SwipeTab_ViewController.swift */,
				D418ACC42DEF162400B0B643 /* STVCTH_ProgrammaticOnly_SwipeTab_ViewController.swift */,
				D4537F832DEFA9F9006FBE0B /* STVCTH_Hybrid_SwipeTab_ViewController.swift */,
				D4071F1C2DEF76C100C996B0 /* STVCTH_LastNav_ViewController.swift */,
				D402896D2DEBAA4F0062E25B /* STVCTH_Main.storyboard */,
				D40289682DEBAA4F0062E25B /* Assets.xcassets */,
				D402896B2DEBAA4F0062E25B /* LaunchScreen.storyboard */,
				D43196C82DF0985F00A11057 /* Info.plist */,
				D49B640C2DF09B8D0052D720 /* SPM-Info.plist */,
			);
			path = SwipeTabControllerTestHarness;
			sourceTree = "<group>";
		};
		D43196BE2DF0968B00A11057 /* Frameworks */ = {
			isa = PBXGroup;
			children = (
			);
			name = Frameworks;
			sourceTree = "<group>";
		};
		D43F598E2DEA451200AD7106 = {
			isa = PBXGroup;
			children = (
				D43F59AB2DEA47FA00AD7106 /* Meta */,
				D43F59A92DEA453200AD7106 /* Sources */,
				D40289662DEBAA470062E25B /* Tests */,
				D43196BE2DF0968B00A11057 /* Frameworks */,
				D43F59992DEA451200AD7106 /* Products */,
			);
			sourceTree = "<group>";
		};
		D43F59992DEA451200AD7106 /* Products */ = {
			isa = PBXGroup;
			children = (
				D40289512DEBAA390062E25B /* SwipeTabControllerTestHarness.app */,
				D43196AD2DF0932600A11057 /* SwipeTabControllerTestHarness-SPM.app */,
				D43196B62DF0965F00A11057 /* libSwipeTabController.a */,
			);
			name = Products;
			sourceTree = "<group>";
		};
		D43F59A92DEA453200AD7106 /* Sources */ = {
			isa = PBXGroup;
			children = (
				D4DF99602DEBB1FD00DD325A /* SwipeTabController */,
			);
			path = Sources;
			sourceTree = "<group>";
		};
		D43F59AB2DEA47FA00AD7106 /* Meta */ = {
			isa = PBXGroup;
			children = (
				D43F59AA2DEA47FA00AD7106 /* Warnings.xcconfig */,
			);
			path = Meta;
			sourceTree = "<group>";
		};
		D4DF99602DEBB1FD00DD325A /* SwipeTabController */ = {
			isa = PBXGroup;
			children = (
				D4DF995E2DEBB1FD00DD325A /* LGV_SwipeTabViewController.swift */,
				D4DF995F2DEBB1FD00DD325A /* SwipeTabController.docc */,
			);
			path = SwipeTabController;
			sourceTree = "<group>";
		};
/* End PBXGroup section */

/* Begin PBXNativeTarget section */
		D40289502DEBAA390062E25B /* SwipeTabControllerTestHarness */ = {
			isa = PBXNativeTarget;
			buildConfigurationList = D40289652DEBAA3A0062E25B /* Build configuration list for PBXNativeTarget "SwipeTabControllerTestHarness" */;
			buildPhases = (
				D402894D2DEBAA390062E25B /* Sources */,
				D402894E2DEBAA390062E25B /* Frameworks */,
				D402894F2DEBAA390062E25B /* Resources */,
			);
			buildRules = (
			);
			dependencies = (
				D43196C42DF096EE00A11057 /* PBXTargetDependency */,
			);
			name = SwipeTabControllerTestHarness;
			packageProductDependencies = (
			);
			productName = SwipeTabControllerTestHarness;
			productReference = D40289512DEBAA390062E25B /* SwipeTabControllerTestHarness.app */;
			productType = "com.apple.product-type.application";
		};
		D43196982DF0932600A11057 /* SwipeTabControllerTestHarness-SPM */ = {
			isa = PBXNativeTarget;
			buildConfigurationList = D43196AA2DF0932600A11057 /* Build configuration list for PBXNativeTarget "SwipeTabControllerTestHarness-SPM" */;
			buildPhases = (
				D431969B2DF0932600A11057 /* Sources */,
				D43196A22DF0932600A11057 /* Frameworks */,
				D43196A42DF0932600A11057 /* Resources */,
			);
			buildRules = (
			);
			dependencies = (
			);
			name = "SwipeTabControllerTestHarness-SPM";
			packageProductDependencies = (
				D43196CA2DF098FF00A11057 /* SwipeTabController */,
			);
			productName = SwipeTabControllerTestHarness;
			productReference = D43196AD2DF0932600A11057 /* SwipeTabControllerTestHarness-SPM.app */;
			productType = "com.apple.product-type.application";
		};
		D43196B52DF0965F00A11057 /* SwipeTabController */ = {
			isa = PBXNativeTarget;
			buildConfigurationList = D43196BA2DF0965F00A11057 /* Build configuration list for PBXNativeTarget "SwipeTabController" */;
			buildPhases = (
				D43196B22DF0965F00A11057 /* Sources */,
				D43196B32DF0965F00A11057 /* Frameworks */,
				D43196B42DF0965F00A11057 /* CopyFiles */,
			);
			buildRules = (
			);
			dependencies = (
			);
			name = SwipeTabController;
			packageProductDependencies = (
			);
			productName = libSwipeTabController;
			productReference = D43196B62DF0965F00A11057 /* libSwipeTabController.a */;
			productType = "com.apple.product-type.library.static";
		};
/* End PBXNativeTarget section */

/* Begin PBXProject section */
		D43F598F2DEA451200AD7106 /* Project object */ = {
			isa = PBXProject;
			attributes = {
				BuildIndependentTargetsInParallel = 1;
				LastSwiftUpdateCheck = 1640;
				LastUpgradeCheck = 2600;
				TargetAttributes = {
					D40289502DEBAA390062E25B = {
						CreatedOnToolsVersion = 16.4;
					};
					D43196B52DF0965F00A11057 = {
						CreatedOnToolsVersion = 16.4;
					};
				};
			};
			buildConfigurationList = D43F59922DEA451200AD7106 /* Build configuration list for PBXProject "SwipeTabController" */;
			developmentRegion = en;
			hasScannedForEncodings = 0;
			knownRegions = (
				en,
				Base,
			);
			mainGroup = D43F598E2DEA451200AD7106;
			minimizedProjectReferenceProxies = 1;
			packageReferences = (
				D43196C92DF098FF00A11057 /* XCRemoteSwiftPackageReference "SwipeTabController" */,
			);
			preferredProjectObjectVersion = 77;
			productRefGroup = D43F59992DEA451200AD7106 /* Products */;
			projectDirPath = "";
			projectRoot = "";
			targets = (
				D43196B52DF0965F00A11057 /* SwipeTabController */,
				D40289502DEBAA390062E25B /* SwipeTabControllerTestHarness */,
				D43196982DF0932600A11057 /* SwipeTabControllerTestHarness-SPM */,
			);
		};
/* End PBXProject section */

/* Begin PBXResourcesBuildPhase section */
		D402894F2DEBAA390062E25B /* Resources */ = {
			isa = PBXResourcesBuildPhase;
			buildActionMask = 2147483647;
			files = (
				D40289712DEBAA4F0062E25B /* Assets.xcassets in Resources */,
				D40289732DEBAA4F0062E25B /* LaunchScreen.storyboard in Resources */,
				D40289742DEBAA4F0062E25B /* STVCTH_Main.storyboard in Resources */,
			);
			runOnlyForDeploymentPostprocessing = 0;
		};
		D43196A42DF0932600A11057 /* Resources */ = {
			isa = PBXResourcesBuildPhase;
			buildActionMask = 2147483647;
			files = (
				D43196A52DF0932600A11057 /* Assets.xcassets in Resources */,
				D43196A62DF0932600A11057 /* LaunchScreen.storyboard in Resources */,
				D43196A72DF0932600A11057 /* STVCTH_Main.storyboard in Resources */,
			);
			runOnlyForDeploymentPostprocessing = 0;
		};
/* End PBXResourcesBuildPhase section */

/* Begin PBXSourcesBuildPhase section */
		D402894D2DEBAA390062E25B /* Sources */ = {
			isa = PBXSourcesBuildPhase;
			buildActionMask = 2147483647;
			files = (
				D40289752DEBAA4F0062E25B /* STVCTH_AppDelegate.swift in Sources */,
				D48A95352DECF64200D1BE52 /* STVCTH_StoryboardOnly_SwipeTab_ViewController.swift in Sources */,
				D4DA5BCF2DEC73A0000FA9CC /* STVCTH_Selection_ViewController.swift in Sources */,
				D418ACC52DEF162400B0B643 /* STVCTH_ProgrammaticOnly_SwipeTab_ViewController.swift in Sources */,
				D4071F1D2DEF76C100C996B0 /* STVCTH_LastNav_ViewController.swift in Sources */,
				D4537F842DEFA9F9006FBE0B /* STVCTH_Hybrid_SwipeTab_ViewController.swift in Sources */,
				D4C259912DF300820055D19A /* STVCTH_ClassicTabBarController.swift in Sources */,
			);
			runOnlyForDeploymentPostprocessing = 0;
		};
		D431969B2DF0932600A11057 /* Sources */ = {
			isa = PBXSourcesBuildPhase;
			buildActionMask = 2147483647;
			files = (
				D431969C2DF0932600A11057 /* STVCTH_AppDelegate.swift in Sources */,
				D431969D2DF0932600A11057 /* STVCTH_StoryboardOnly_SwipeTab_ViewController.swift in Sources */,
				D431969E2DF0932600A11057 /* STVCTH_Selection_ViewController.swift in Sources */,
				D431969F2DF0932600A11057 /* STVCTH_ProgrammaticOnly_SwipeTab_ViewController.swift in Sources */,
				D43196A02DF0932600A11057 /* STVCTH_LastNav_ViewController.swift in Sources */,
				D43196A12DF0932600A11057 /* STVCTH_Hybrid_SwipeTab_ViewController.swift in Sources */,
				D4C259922DF300820055D19A /* STVCTH_ClassicTabBarController.swift in Sources */,
			);
			runOnlyForDeploymentPostprocessing = 0;
		};
		D43196B22DF0965F00A11057 /* Sources */ = {
			isa = PBXSourcesBuildPhase;
			buildActionMask = 2147483647;
			files = (
				D43196BD2DF0967500A11057 /* LGV_SwipeTabViewController.swift in Sources */,
			);
			runOnlyForDeploymentPostprocessing = 0;
		};
/* End PBXSourcesBuildPhase section */

/* Begin PBXTargetDependency section */
		D43196C42DF096EE00A11057 /* PBXTargetDependency */ = {
			isa = PBXTargetDependency;
			target = D43196B52DF0965F00A11057 /* SwipeTabController */;
			targetProxy = D43196C32DF096EE00A11057 /* PBXContainerItemProxy */;
		};
/* End PBXTargetDependency section */

/* Begin PBXVariantGroup section */
		D402896B2DEBAA4F0062E25B /* LaunchScreen.storyboard */ = {
			isa = PBXVariantGroup;
			children = (
				D402896A2DEBAA4F0062E25B /* Base */,
			);
			name = LaunchScreen.storyboard;
			sourceTree = "<group>";
		};
		D402896D2DEBAA4F0062E25B /* STVCTH_Main.storyboard */ = {
			isa = PBXVariantGroup;
			children = (
				D402896C2DEBAA4F0062E25B /* Base */,
			);
			name = STVCTH_Main.storyboard;
			sourceTree = "<group>";
		};
/* End PBXVariantGroup section */

/* Begin XCBuildConfiguration section */
		D40289622DEBAA3A0062E25B /* Debug */ = {
			isa = XCBuildConfiguration;
			buildSettings = {
				ASSETCATALOG_COMPILER_APPICON_NAME = AppIcon;
				ASSETCATALOG_COMPILER_GLOBAL_ACCENT_COLOR_NAME = AccentColor;
				CODE_SIGN_STYLE = Automatic;
				CURRENT_PROJECT_VERSION = 0;
				DEVELOPMENT_TEAM = P53V4JS928;
				GENERATE_INFOPLIST_FILE = YES;
				INFOPLIST_FILE = Tests/SwipeTabControllerTestHarness/Info.plist;
				INFOPLIST_KEY_ITSAppUsesNonExemptEncryption = NO;
				INFOPLIST_KEY_LSApplicationCategoryType = "public.app-category.developer-tools";
				INFOPLIST_KEY_UIApplicationSupportsIndirectInputEvents = YES;
				INFOPLIST_KEY_UILaunchStoryboardName = LaunchScreen;
				INFOPLIST_KEY_UIMainStoryboardFile = STVCTH_Main;
				INFOPLIST_KEY_UISupportedInterfaceOrientations_iPad = "UIInterfaceOrientationPortrait UIInterfaceOrientationPortraitUpsideDown UIInterfaceOrientationLandscapeLeft UIInterfaceOrientationLandscapeRight";
				INFOPLIST_KEY_UISupportedInterfaceOrientations_iPhone = "UIInterfaceOrientationPortrait UIInterfaceOrientationLandscapeLeft UIInterfaceOrientationLandscapeRight";
				IPHONEOS_DEPLOYMENT_TARGET = 17.0;
				LD_RUNPATH_SEARCH_PATHS = (
					"$(inherited)",
					"@executable_path/Frameworks",
				);
				MARKETING_VERSION = 1.0.4;
				PRODUCT_BUNDLE_IDENTIFIER = com.litlegreenviper.SwipeTabControllerTestHarness;
				PRODUCT_NAME = "$(TARGET_NAME)";
				SWIFT_EMIT_LOC_STRINGS = YES;
				SWIFT_VERSION = 5.0;
				TARGETED_DEVICE_FAMILY = "1,2";
			};
			name = Debug;
		};
		D40289632DEBAA3A0062E25B /* Release */ = {
			isa = XCBuildConfiguration;
			buildSettings = {
				ASSETCATALOG_COMPILER_APPICON_NAME = AppIcon;
				ASSETCATALOG_COMPILER_GLOBAL_ACCENT_COLOR_NAME = AccentColor;
				CODE_SIGN_STYLE = Automatic;
				CURRENT_PROJECT_VERSION = 0;
				DEVELOPMENT_TEAM = P53V4JS928;
				GENERATE_INFOPLIST_FILE = YES;
				INFOPLIST_FILE = Tests/SwipeTabControllerTestHarness/Info.plist;
				INFOPLIST_KEY_ITSAppUsesNonExemptEncryption = NO;
				INFOPLIST_KEY_LSApplicationCategoryType = "public.app-category.developer-tools";
				INFOPLIST_KEY_UIApplicationSupportsIndirectInputEvents = YES;
				INFOPLIST_KEY_UILaunchStoryboardName = LaunchScreen;
				INFOPLIST_KEY_UIMainStoryboardFile = STVCTH_Main;
				INFOPLIST_KEY_UISupportedInterfaceOrientations_iPad = "UIInterfaceOrientationPortrait UIInterfaceOrientationPortraitUpsideDown UIInterfaceOrientationLandscapeLeft UIInterfaceOrientationLandscapeRight";
				INFOPLIST_KEY_UISupportedInterfaceOrientations_iPhone = "UIInterfaceOrientationPortrait UIInterfaceOrientationLandscapeLeft UIInterfaceOrientationLandscapeRight";
				IPHONEOS_DEPLOYMENT_TARGET = 17.0;
				LD_RUNPATH_SEARCH_PATHS = (
					"$(inherited)",
					"@executable_path/Frameworks",
				);
				MARKETING_VERSION = 1.0.4;
				PRODUCT_BUNDLE_IDENTIFIER = com.litlegreenviper.SwipeTabControllerTestHarness;
				PRODUCT_NAME = "$(TARGET_NAME)";
				SWIFT_EMIT_LOC_STRINGS = YES;
				SWIFT_VERSION = 5.0;
				TARGETED_DEVICE_FAMILY = "1,2";
			};
			name = Release;
		};
		D43196AB2DF0932600A11057 /* Debug */ = {
			isa = XCBuildConfiguration;
			buildSettings = {
				ASSETCATALOG_COMPILER_APPICON_NAME = AppIcon;
				ASSETCATALOG_COMPILER_GLOBAL_ACCENT_COLOR_NAME = AccentColor;
				CODE_SIGN_STYLE = Automatic;
				CURRENT_PROJECT_VERSION = 0;
				DEVELOPMENT_TEAM = P53V4JS928;
				GENERATE_INFOPLIST_FILE = YES;
				INFOPLIST_FILE = "Tests/SwipeTabControllerTestHarness/SPM-Info.plist";
				INFOPLIST_KEY_ITSAppUsesNonExemptEncryption = NO;
				INFOPLIST_KEY_LSApplicationCategoryType = "public.app-category.developer-tools";
				INFOPLIST_KEY_UIApplicationSupportsIndirectInputEvents = YES;
				INFOPLIST_KEY_UILaunchStoryboardName = LaunchScreen;
				INFOPLIST_KEY_UIMainStoryboardFile = STVCTH_Main;
				INFOPLIST_KEY_UISupportedInterfaceOrientations_iPad = "UIInterfaceOrientationPortrait UIInterfaceOrientationPortraitUpsideDown UIInterfaceOrientationLandscapeLeft UIInterfaceOrientationLandscapeRight";
				INFOPLIST_KEY_UISupportedInterfaceOrientations_iPhone = "UIInterfaceOrientationPortrait UIInterfaceOrientationLandscapeLeft UIInterfaceOrientationLandscapeRight";
				IPHONEOS_DEPLOYMENT_TARGET = 17.0;
				LD_RUNPATH_SEARCH_PATHS = (
					"$(inherited)",
					"@executable_path/Frameworks",
				);
				MARKETING_VERSION = 1.0.4;
				PRODUCT_BUNDLE_IDENTIFIER = com.litlegreenviper.SwipeTabControllerTestHarness;
				PRODUCT_NAME = "$(TARGET_NAME)";
				SWIFT_EMIT_LOC_STRINGS = YES;
				SWIFT_VERSION = 5.0;
				TARGETED_DEVICE_FAMILY = "1,2";
			};
			name = Debug;
		};
		D43196AC2DF0932600A11057 /* Release */ = {
			isa = XCBuildConfiguration;
			buildSettings = {
				ASSETCATALOG_COMPILER_APPICON_NAME = AppIcon;
				ASSETCATALOG_COMPILER_GLOBAL_ACCENT_COLOR_NAME = AccentColor;
				CODE_SIGN_STYLE = Automatic;
				CURRENT_PROJECT_VERSION = 0;
				DEVELOPMENT_TEAM = P53V4JS928;
				GENERATE_INFOPLIST_FILE = YES;
				INFOPLIST_FILE = "Tests/SwipeTabControllerTestHarness/SPM-Info.plist";
				INFOPLIST_KEY_ITSAppUsesNonExemptEncryption = NO;
				INFOPLIST_KEY_LSApplicationCategoryType = "public.app-category.developer-tools";
				INFOPLIST_KEY_UIApplicationSupportsIndirectInputEvents = YES;
				INFOPLIST_KEY_UILaunchStoryboardName = LaunchScreen;
				INFOPLIST_KEY_UIMainStoryboardFile = STVCTH_Main;
				INFOPLIST_KEY_UISupportedInterfaceOrientations_iPad = "UIInterfaceOrientationPortrait UIInterfaceOrientationPortraitUpsideDown UIInterfaceOrientationLandscapeLeft UIInterfaceOrientationLandscapeRight";
				INFOPLIST_KEY_UISupportedInterfaceOrientations_iPhone = "UIInterfaceOrientationPortrait UIInterfaceOrientationLandscapeLeft UIInterfaceOrientationLandscapeRight";
				IPHONEOS_DEPLOYMENT_TARGET = 17.0;
				LD_RUNPATH_SEARCH_PATHS = (
					"$(inherited)",
					"@executable_path/Frameworks",
				);
				MARKETING_VERSION = 1.0.4;
				PRODUCT_BUNDLE_IDENTIFIER = com.litlegreenviper.SwipeTabControllerTestHarness;
				PRODUCT_NAME = "$(TARGET_NAME)";
				SWIFT_EMIT_LOC_STRINGS = YES;
				SWIFT_VERSION = 5.0;
				TARGETED_DEVICE_FAMILY = "1,2";
			};
			name = Release;
		};
		D43196BB2DF0965F00A11057 /* Debug */ = {
			isa = XCBuildConfiguration;
			buildSettings = {
				CLANG_ENABLE_MODULES = NO;
				CLANG_WARN_QUOTED_INCLUDE_IN_FRAMEWORK_HEADER = NO;
				CODE_SIGN_STYLE = Automatic;
				DEVELOPMENT_TEAM = P53V4JS928;
				DOCC_ENABLE_CXX_SUPPORT = NO;
				GCC_USE_STANDARD_INCLUDE_SEARCHING = NO;
				IPHONEOS_DEPLOYMENT_TARGET = 17.0;
				OTHER_LDFLAGS = "-ObjC";
				PRODUCT_NAME = "$(TARGET_NAME)";
				SKIP_INSTALL = YES;
				SWIFT_VERSION = 5.0;
				TARGETED_DEVICE_FAMILY = "1,2";
				USE_HEADERMAP = NO;
			};
			name = Debug;
		};
		D43196BC2DF0965F00A11057 /* Release */ = {
			isa = XCBuildConfiguration;
			buildSettings = {
				CLANG_ENABLE_MODULES = NO;
				CLANG_WARN_QUOTED_INCLUDE_IN_FRAMEWORK_HEADER = NO;
				CODE_SIGN_STYLE = Automatic;
				DEVELOPMENT_TEAM = P53V4JS928;
				DOCC_ENABLE_CXX_SUPPORT = NO;
				GCC_USE_STANDARD_INCLUDE_SEARCHING = NO;
				IPHONEOS_DEPLOYMENT_TARGET = 17.0;
				OTHER_LDFLAGS = "-ObjC";
				PRODUCT_NAME = "$(TARGET_NAME)";
				SKIP_INSTALL = YES;
				SWIFT_VERSION = 5.0;
				TARGETED_DEVICE_FAMILY = "1,2";
				USE_HEADERMAP = NO;
			};
			name = Release;
		};
		D43F599F2DEA451200AD7106 /* Debug */ = {
			isa = XCBuildConfiguration;
			baseConfigurationReference = D43F59AA2DEA47FA00AD7106 /* Warnings.xcconfig */;
			buildSettings = {
				ALWAYS_SEARCH_USER_PATHS = NO;
				ASSETCATALOG_COMPILER_GENERATE_SWIFT_ASSET_SYMBOL_EXTENSIONS = YES;
				CLANG_ANALYZER_NONNULL = YES;
				CLANG_ANALYZER_NUMBER_OBJECT_CONVERSION = YES_AGGRESSIVE;
				CLANG_CXX_LANGUAGE_STANDARD = "gnu++20";
				CLANG_ENABLE_MODULES = YES;
				CLANG_ENABLE_OBJC_ARC = YES;
				CLANG_ENABLE_OBJC_WEAK = YES;
				CLANG_WARN_BLOCK_CAPTURE_AUTORELEASING = YES;
				CLANG_WARN_BOOL_CONVERSION = YES;
				CLANG_WARN_COMMA = YES;
				CLANG_WARN_CONSTANT_CONVERSION = YES;
				CLANG_WARN_DEPRECATED_OBJC_IMPLEMENTATIONS = YES;
				CLANG_WARN_DIRECT_OBJC_ISA_USAGE = YES_ERROR;
				CLANG_WARN_DOCUMENTATION_COMMENTS = YES;
				CLANG_WARN_EMPTY_BODY = YES;
				CLANG_WARN_ENUM_CONVERSION = YES;
				CLANG_WARN_INFINITE_RECURSION = YES;
				CLANG_WARN_INT_CONVERSION = YES;
				CLANG_WARN_NON_LITERAL_NULL_CONVERSION = YES;
				CLANG_WARN_OBJC_IMPLICIT_RETAIN_SELF = YES;
				CLANG_WARN_OBJC_LITERAL_CONVERSION = YES;
				CLANG_WARN_OBJC_ROOT_CLASS = YES_ERROR;
				CLANG_WARN_QUOTED_INCLUDE_IN_FRAMEWORK_HEADER = YES;
				CLANG_WARN_RANGE_LOOP_ANALYSIS = YES;
				CLANG_WARN_STRICT_PROTOTYPES = YES;
				CLANG_WARN_SUSPICIOUS_MOVE = YES;
				CLANG_WARN_UNGUARDED_AVAILABILITY = YES_AGGRESSIVE;
				CLANG_WARN_UNREACHABLE_CODE = YES;
				CLANG_WARN__DUPLICATE_METHOD_MATCH = YES;
				COPY_PHASE_STRIP = NO;
				CURRENT_PROJECT_VERSION = 1;
				DEBUG_INFORMATION_FORMAT = dwarf;
				DEVELOPMENT_TEAM = P53V4JS928;
				ENABLE_STRICT_OBJC_MSGSEND = YES;
				ENABLE_TESTABILITY = YES;
				ENABLE_USER_SCRIPT_SANDBOXING = YES;
				GCC_C_LANGUAGE_STANDARD = gnu17;
				GCC_DYNAMIC_NO_PIC = NO;
				GCC_NO_COMMON_BLOCKS = YES;
				GCC_OPTIMIZATION_LEVEL = 0;
				GCC_PREPROCESSOR_DEFINITIONS = (
					"DEBUG=1",
					"$(inherited)",
				);
				GCC_WARN_64_TO_32_BIT_CONVERSION = YES;
				GCC_WARN_ABOUT_RETURN_TYPE = YES_ERROR;
				GCC_WARN_UNDECLARED_SELECTOR = YES;
				GCC_WARN_UNINITIALIZED_AUTOS = YES_AGGRESSIVE;
				GCC_WARN_UNUSED_FUNCTION = YES;
				GCC_WARN_UNUSED_VARIABLE = YES;
				IPHONEOS_DEPLOYMENT_TARGET = 18.5;
				LOCALIZATION_PREFERS_STRING_CATALOGS = YES;
				MTL_ENABLE_DEBUG_INFO = INCLUDE_SOURCE;
				MTL_FAST_MATH = YES;
				ONLY_ACTIVE_ARCH = YES;
				SDKROOT = iphoneos;
				STRING_CATALOG_GENERATE_SYMBOLS = YES;
				SWIFT_ACTIVE_COMPILATION_CONDITIONS = "DEBUG $(inherited)";
				SWIFT_OPTIMIZATION_LEVEL = "-Onone";
				VERSIONING_SYSTEM = "apple-generic";
				VERSION_INFO_PREFIX = "";
			};
			name = Debug;
		};
		D43F59A02DEA451200AD7106 /* Release */ = {
			isa = XCBuildConfiguration;
			baseConfigurationReference = D43F59AA2DEA47FA00AD7106 /* Warnings.xcconfig */;
			buildSettings = {
				ALWAYS_SEARCH_USER_PATHS = NO;
				ASSETCATALOG_COMPILER_GENERATE_SWIFT_ASSET_SYMBOL_EXTENSIONS = YES;
				CLANG_ANALYZER_NONNULL = YES;
				CLANG_ANALYZER_NUMBER_OBJECT_CONVERSION = YES_AGGRESSIVE;
				CLANG_CXX_LANGUAGE_STANDARD = "gnu++20";
				CLANG_ENABLE_MODULES = YES;
				CLANG_ENABLE_OBJC_ARC = YES;
				CLANG_ENABLE_OBJC_WEAK = YES;
				CLANG_WARN_BLOCK_CAPTURE_AUTORELEASING = YES;
				CLANG_WARN_BOOL_CONVERSION = YES;
				CLANG_WARN_COMMA = YES;
				CLANG_WARN_CONSTANT_CONVERSION = YES;
				CLANG_WARN_DEPRECATED_OBJC_IMPLEMENTATIONS = YES;
				CLANG_WARN_DIRECT_OBJC_ISA_USAGE = YES_ERROR;
				CLANG_WARN_DOCUMENTATION_COMMENTS = YES;
				CLANG_WARN_EMPTY_BODY = YES;
				CLANG_WARN_ENUM_CONVERSION = YES;
				CLANG_WARN_INFINITE_RECURSION = YES;
				CLANG_WARN_INT_CONVERSION = YES;
				CLANG_WARN_NON_LITERAL_NULL_CONVERSION = YES;
				CLANG_WARN_OBJC_IMPLICIT_RETAIN_SELF = YES;
				CLANG_WARN_OBJC_LITERAL_CONVERSION = YES;
				CLANG_WARN_OBJC_ROOT_CLASS = YES_ERROR;
				CLANG_WARN_QUOTED_INCLUDE_IN_FRAMEWORK_HEADER = YES;
				CLANG_WARN_RANGE_LOOP_ANALYSIS = YES;
				CLANG_WARN_STRICT_PROTOTYPES = YES;
				CLANG_WARN_SUSPICIOUS_MOVE = YES;
				CLANG_WARN_UNGUARDED_AVAILABILITY = YES_AGGRESSIVE;
				CLANG_WARN_UNREACHABLE_CODE = YES;
				CLANG_WARN__DUPLICATE_METHOD_MATCH = YES;
				COPY_PHASE_STRIP = NO;
				CURRENT_PROJECT_VERSION = 1;
				DEBUG_INFORMATION_FORMAT = "dwarf-with-dsym";
				DEVELOPMENT_TEAM = P53V4JS928;
				ENABLE_NS_ASSERTIONS = NO;
				ENABLE_STRICT_OBJC_MSGSEND = YES;
				ENABLE_USER_SCRIPT_SANDBOXING = YES;
				GCC_C_LANGUAGE_STANDARD = gnu17;
				GCC_NO_COMMON_BLOCKS = YES;
				GCC_WARN_64_TO_32_BIT_CONVERSION = YES;
				GCC_WARN_ABOUT_RETURN_TYPE = YES_ERROR;
				GCC_WARN_UNDECLARED_SELECTOR = YES;
				GCC_WARN_UNINITIALIZED_AUTOS = YES_AGGRESSIVE;
				GCC_WARN_UNUSED_FUNCTION = YES;
				GCC_WARN_UNUSED_VARIABLE = YES;
				IPHONEOS_DEPLOYMENT_TARGET = 18.5;
				LOCALIZATION_PREFERS_STRING_CATALOGS = YES;
				MTL_ENABLE_DEBUG_INFO = NO;
				MTL_FAST_MATH = YES;
				SDKROOT = iphoneos;
				STRING_CATALOG_GENERATE_SYMBOLS = YES;
				SWIFT_COMPILATION_MODE = wholemodule;
				VALIDATE_PRODUCT = YES;
				VERSIONING_SYSTEM = "apple-generic";
				VERSION_INFO_PREFIX = "";
			};
			name = Release;
		};
/* End XCBuildConfiguration section */

/* Begin XCConfigurationList section */
		D40289652DEBAA3A0062E25B /* Build configuration list for PBXNativeTarget "SwipeTabControllerTestHarness" */ = {
			isa = XCConfigurationList;
			buildConfigurations = (
				D40289622DEBAA3A0062E25B /* Debug */,
				D40289632DEBAA3A0062E25B /* Release */,
			);
			defaultConfigurationIsVisible = 0;
			defaultConfigurationName = Release;
		};
		D43196AA2DF0932600A11057 /* Build configuration list for PBXNativeTarget "SwipeTabControllerTestHarness-SPM" */ = {
			isa = XCConfigurationList;
			buildConfigurations = (
				D43196AB2DF0932600A11057 /* Debug */,
				D43196AC2DF0932600A11057 /* Release */,
			);
			defaultConfigurationIsVisible = 0;
			defaultConfigurationName = Release;
		};
		D43196BA2DF0965F00A11057 /* Build configuration list for PBXNativeTarget "SwipeTabController" */ = {
			isa = XCConfigurationList;
			buildConfigurations = (
				D43196BB2DF0965F00A11057 /* Debug */,
				D43196BC2DF0965F00A11057 /* Release */,
			);
			defaultConfigurationIsVisible = 0;
			defaultConfigurationName = Release;
		};
		D43F59922DEA451200AD7106 /* Build configuration list for PBXProject "SwipeTabController" */ = {
			isa = XCConfigurationList;
			buildConfigurations = (
				D43F599F2DEA451200AD7106 /* Debug */,
				D43F59A02DEA451200AD7106 /* Release */,
			);
			defaultConfigurationIsVisible = 0;
			defaultConfigurationName = Release;
		};
/* End XCConfigurationList section */

/* Begin XCRemoteSwiftPackageReference section */
		D43196C92DF098FF00A11057 /* XCRemoteSwiftPackageReference "SwipeTabController" */ = {
			isa = XCRemoteSwiftPackageReference;
			repositoryURL = "git@github.com:LittleGreenViper/SwipeTabController.git";
			requirement = {
				kind = upToNextMajorVersion;
				minimumVersion = 1.0.0;
			};
		};
/* End XCRemoteSwiftPackageReference section */

/* Begin XCSwiftPackageProductDependency section */
		D43196CA2DF098FF00A11057 /* SwipeTabController */ = {
			isa = XCSwiftPackageProductDependency;
			package = D43196C92DF098FF00A11057 /* XCRemoteSwiftPackageReference "SwipeTabController" */;
			productName = SwipeTabController;
		};
/* End XCSwiftPackageProductDependency section */
	};
	rootObject = D43F598F2DEA451200AD7106 /* Project object */;
}
